
Microsoft Visual Studio Solution File, Format Version 12.00
# Visual Studio Version 17
VisualStudioVersion = 17.13.35828.75 d17.13
MinimumVisualStudioVersion = 10.0.40219.1
Project("{FAE04EC0-301F-11D3-BF4B-00C04F79EFBC}") = "SoluciónQuiz4", "SoluciónQuiz4\SoluciónQuiz4.csproj", "{F18F6AD4-407D-4978-AFC4-1F36951740A3}"
EndProject
Global
	GlobalSection(SolutionConfigurationPlatforms) = preSolution
		Debug|Any CPU = Debug|Any CPU
		Release|Any CPU = Release|Any CPU
	EndGlobalSection
	GlobalSection(ProjectConfigurationPlatforms) = postSolution
		{F18F6AD4-407D-4978-AFC4-1F36951740A3}.Debug|Any CPU.ActiveCfg = Debug|Any CPU
		{F18F6AD4-407D-4978-AFC4-1F36951740A3}.Debug|Any CPU.Build.0 = Debug|Any CPU
		{F18F6AD4-407D-4978-AFC4-1F36951740A3}.Release|Any CPU.ActiveCfg = Release|Any CPU
		{F18F6AD4-407D-4978-AFC4-1F36951740A3}.Release|Any CPU.Build.0 = Release|Any CPU
	EndGlobalSection
	GlobalSection(SolutionProperties) = preSolution
		HideSolutionNode = FALSE
	EndGlobalSection
	GlobalSection(ExtensibilityGlobals) = postSolution
		SolutionGuid = {1669C14A-FA9B-4DD2-B7D1-A66DF4D8B71E}
	EndGlobalSection
EndGlobal
